
Microsoft Visual Studio Solution File, Format Version 12.00
# Visual Studio 14
VisualStudioVersion = 14.0.25420.1
MinimumVisualStudioVersion = 10.0.40219.1
Project("{FAE04EC0-301F-11D3-BF4B-00C04F79EFBC}") = "WebApiForAngular", "WebApiForAngular\WebApiForAngular.csproj", "{0BEBAA8F-8093-4B08-A20E-8D25609210FE}"
EndProject
Global
	GlobalSection(SolutionConfigurationPlatforms) = preSolution
		Debug|Any CPU = Debug|Any CPU
		Release|Any CPU = Release|Any CPU
	EndGlobalSection
	GlobalSection(ProjectConfigurationPlatforms) = postSolution
		{0BEBAA8F-8093-4B08-A20E-8D25609210FE}.Debug|Any CPU.ActiveCfg = Debug|Any CPU
		{0BEBAA8F-8093-4B08-A20E-8D25609210FE}.Debug|Any CPU.Build.0 = Debug|Any CPU
		{0BEBAA8F-8093-4B08-A20E-8D25609210FE}.Release|Any CPU.ActiveCfg = Release|Any CPU
		{0BEBAA8F-8093-4B08-A20E-8D25609210FE}.Release|Any CPU.Build.0 = Release|Any CPU
	EndGlobalSection
	GlobalSection(SolutionProperties) = preSolution
		HideSolutionNode = FALSE
	EndGlobalSection
EndGlobal
